hash: 59d4f37cbbadbf75320db9856b20c74661581846a93fd75ebfef9f24a6f64961
updated: 2017-02-26T22:11:24.476400971+09:00
imports:
- name: golang.org/x/net
  version: 10c134ea0df15f7e34d789338c7a2d76cc7a3ab9
  subpackages:
  - context
  - context/ctxhttp
- name: google.golang.org/api
  version: 64485db7e8c8be51e572801d06cdbcfadd3546c1
  subpackages:
  - gensupport
  - googleapi
  - googleapi/internal/uritemplates
  - googleapi/transport
  - transport
  - youtube/v3
testImports: []
